
Microsoft Visual Studio Solution File, Format Version 12.00
# Visual Studio Version 17
VisualStudioVersion = 17.4.33205.214
MinimumVisualStudioVersion = 10.0.40219.1
Project("{FAE04EC0-301F-11D3-BF4B-00C04F79EFBC}") = "SendEmailViaSMTP", "SendEmailViaSMTP.csproj", "{906E7047-9E85-4DC4-A853-7256FC0B21E8}"
EndProject
Global
	GlobalSection(SolutionConfigurationPlatforms) = preSolution
		Debug|Any CPU = Debug|Any CPU
		Release|Any CPU = Release|Any CPU
	EndGlobalSection
	GlobalSection(ProjectConfigurationPlatforms) = postSolution
		{906E7047-9E85-4DC4-A853-7256FC0B21E8}.Debug|Any CPU.ActiveCfg = Debug|Any CPU
		{906E7047-9E85-4DC4-A853-7256FC0B21E8}.Debug|Any CPU.Build.0 = Debug|Any CPU
		{906E7047-9E85-4DC4-A853-7256FC0B21E8}.Release|Any CPU.ActiveCfg = Release|Any CPU
		{906E7047-9E85-4DC4-A853-7256FC0B21E8}.Release|Any CPU.Build.0 = Release|Any CPU
	EndGlobalSection
	GlobalSection(SolutionProperties) = preSolution
		HideSolutionNode = FALSE
	EndGlobalSection
	GlobalSection(ExtensibilityGlobals) = postSolution
		SolutionGuid = {7A0EDBE7-F8BC-4DA1-9412-FC1EB2748584}
	EndGlobalSection
EndGlobal
